{
  "version": 4,
  "terraform_version": "1.10.5",
  "serial": 26,
  "lineage": "1b992b72-ca54-3107-93a6-ce73eef911cc",
  "outputs": {
    "public_ip": {
      "value": "137.117.254.63",
      "type": "string"
    }
  },
  "resources": [
    {
      "mode": "managed",
      "type": "azurerm_network_interface",
      "name": "david-nic",
      "provider": "provider[\"registry.terraform.io/hashicorp/azurerm\"]",
      "instances": [
        {
          "schema_version": 0,
          "attributes": {
            "applied_dns_servers": [],
            "dns_servers": [],
            "edge_zone": "",
            "enable_accelerated_networking": false,
            "enable_ip_forwarding": false,
            "id": "/subscriptions/4a7004f5-8ebf-454e-b7d7-1a7abf526985/resourceGroups/David-TerraformX/providers/Microsoft.Network/networkInterfaces/david-nicx",
            "internal_dns_name_label": "",
            "internal_domain_name_suffix": "dkbeoig5boyubfgh5r1vfffk1d.ax.internal.cloudapp.net",
            "ip_configuration": [
              {
                "gateway_load_balancer_frontend_ip_configuration_id": "",
                "name": "internal",
                "primary": true,
                "private_ip_address": "10.124.1.4",
                "private_ip_address_allocation": "Dynamic",
                "private_ip_address_version": "IPv4",
                "public_ip_address_id": "/subscriptions/4a7004f5-8ebf-454e-b7d7-1a7abf526985/resourceGroups/David-TerraformX/providers/Microsoft.Network/publicIPAddresses/david-ipx",
                "subnet_id": "/subscriptions/4a7004f5-8ebf-454e-b7d7-1a7abf526985/resourceGroups/David-TerraformX/providers/Microsoft.Network/virtualNetworks/David-networkx/subnets/david-subnetx"
              }
            ],
            "location": "westeurope",
            "mac_address": "60-45-BD-9A-D8-6F",
            "name": "david-nicx",
            "private_ip_address": "10.124.1.4",
            "private_ip_addresses": [
              "10.124.1.4"
            ],
            "resource_group_name": "David-TerraformX",
            "tags": {
              "environment": "dev"
            },
            "timeouts": null,
            "virtual_machine_id": "/subscriptions/4a7004f5-8ebf-454e-b7d7-1a7abf526985/resourceGroups/David-TerraformX/providers/Microsoft.Compute/virtualMachines/david-vmx"
          },
          "sensitive_attributes": [],
          "private": "eyJlMmJmYjczMC1lY2FhLTExZTYtOGY4OC0zNDM2M2JjN2M0YzAiOnsiY3JlYXRlIjoxODAwMDAwMDAwMDAwLCJkZWxldGUiOjE4MDAwMDAwMDAwMDAsInJlYWQiOjMwMDAwMDAwMDAwMCwidXBkYXRlIjoxODAwMDAwMDAwMDAwfX0=",
          "dependencies": [
            "azurerm_public_ip.david-ip",
            "azurerm_resource_group.david-x",
            "azurerm_subnet.david-subnet",
            "azurerm_virtual_network.david-vn"
          ]
        }
      ]
    },
    {
      "mode": "managed",
      "type": "azurerm_network_security_group",
      "name": "david-sgroup",
      "provider": "provider[\"registry.terraform.io/hashicorp/azurerm\"]",
      "instances": [
        {
          "schema_version": 0,
          "attributes": {
            "id": "/subscriptions/4a7004f5-8ebf-454e-b7d7-1a7abf526985/resourceGroups/David-TerraformX/providers/Microsoft.Network/networkSecurityGroups/David-Sgroupx",
            "location": "westeurope",
            "name": "David-Sgroupx",
            "resource_group_name": "David-TerraformX",
            "security_rule": [
              {
                "access": "Allow",
                "description": "",
                "destination_address_prefix": "*",
                "destination_address_prefixes": [],
                "destination_application_security_group_ids": [],
                "destination_port_range": "22",
                "destination_port_ranges": [],
                "direction": "Inbound",
                "name": "david-rulex",
                "priority": 1001,
                "protocol": "Tcp",
                "source_address_prefix": "*",
                "source_address_prefixes": [],
                "source_application_security_group_ids": [],
                "source_port_range": "*",
                "source_port_ranges": []
              }
            ],
            "tags": {
              "environment": "dev"
            },
            "timeouts": null
          },
          "sensitive_attributes": [],
          "private": "eyJlMmJmYjczMC1lY2FhLTExZTYtOGY4OC0zNDM2M2JjN2M0YzAiOnsiY3JlYXRlIjoxODAwMDAwMDAwMDAwLCJkZWxldGUiOjE4MDAwMDAwMDAwMDAsInJlYWQiOjMwMDAwMDAwMDAwMCwidXBkYXRlIjoxODAwMDAwMDAwMDAwfX0=",
          "dependencies": [
            "azurerm_resource_group.david-x"
          ]
        }
      ]
    },
    {
      "mode": "managed",
      "type": "azurerm_network_security_rule",
      "name": "allow_ssh",
      "provider": "provider[\"registry.terraform.io/hashicorp/azurerm\"]",
      "instances": [
        {
          "schema_version": 0,
          "attributes": {
            "access": "Allow",
            "description": "",
            "destination_address_prefix": "*",
            "destination_address_prefixes": null,
            "destination_application_security_group_ids": null,
            "destination_port_range": "22",
            "destination_port_ranges": null,
            "direction": "Inbound",
            "id": "/subscriptions/4a7004f5-8ebf-454e-b7d7-1a7abf526985/resourceGroups/David-TerraformX/providers/Microsoft.Network/networkSecurityGroups/David-Sgroupx/securityRules/allow_ssh",
            "name": "allow_ssh",
            "network_security_group_name": "David-Sgroupx",
            "priority": 1001,
            "protocol": "Tcp",
            "resource_group_name": "David-TerraformX",
            "source_address_prefix": "*",
            "source_address_prefixes": null,
            "source_application_security_group_ids": null,
            "source_port_range": "*",
            "source_port_ranges": null,
            "timeouts": null
          },
          "sensitive_attributes": [],
          "private": "eyJlMmJmYjczMC1lY2FhLTExZTYtOGY4OC0zNDM2M2JjN2M0YzAiOnsiY3JlYXRlIjoxODAwMDAwMDAwMDAwLCJkZWxldGUiOjE4MDAwMDAwMDAwMDAsInJlYWQiOjMwMDAwMDAwMDAwMCwidXBkYXRlIjoxODAwMDAwMDAwMDAwfX0=",
          "dependencies": [
            "azurerm_network_security_group.david-sgroup",
            "azurerm_resource_group.david-x"
          ]
        }
      ]
    },
    {
      "mode": "managed",
      "type": "azurerm_public_ip",
      "name": "david-ip",
      "provider": "provider[\"registry.terraform.io/hashicorp/azurerm\"]",
      "instances": [
        {
          "schema_version": 0,
          "attributes": {
            "allocation_method": "Static",
            "domain_name_label": null,
            "edge_zone": "",
            "fqdn": null,
            "id": "/subscriptions/4a7004f5-8ebf-454e-b7d7-1a7abf526985/resourceGroups/David-TerraformX/providers/Microsoft.Network/publicIPAddresses/david-ipx",
            "idle_timeout_in_minutes": 4,
            "ip_address": "137.117.254.63",
            "ip_tags": {},
            "ip_version": "IPv4",
            "location": "westeurope",
            "name": "david-ipx",
            "public_ip_prefix_id": null,
            "resource_group_name": "David-TerraformX",
            "reverse_fqdn": null,
            "sku": "Basic",
            "sku_tier": "Regional",
            "tags": {
              "environment": "dev"
            },
            "timeouts": null,
            "zones": []
          },
          "sensitive_attributes": [],
          "private": "eyJlMmJmYjczMC1lY2FhLTExZTYtOGY4OC0zNDM2M2JjN2M0YzAiOnsiY3JlYXRlIjoxODAwMDAwMDAwMDAwLCJkZWxldGUiOjE4MDAwMDAwMDAwMDAsInJlYWQiOjMwMDAwMDAwMDAwMCwidXBkYXRlIjoxODAwMDAwMDAwMDAwfX0=",
          "dependencies": [
            "azurerm_resource_group.david-x"
          ]
        }
      ]
    },
    {
      "mode": "managed",
      "type": "azurerm_resource_group",
      "name": "david-x",
      "provider": "provider[\"registry.terraform.io/hashicorp/azurerm\"]",
      "instances": [
        {
          "schema_version": 0,
          "attributes": {
            "id": "/subscriptions/4a7004f5-8ebf-454e-b7d7-1a7abf526985/resourceGroups/David-TerraformX",
            "location": "westeurope",
            "name": "David-TerraformX",
            "tags": {
              "environment": "dev"
            },
            "timeouts": null
          },
          "sensitive_attributes": [],
          "private": "eyJlMmJmYjczMC1lY2FhLTExZTYtOGY4OC0zNDM2M2JjN2M0YzAiOnsiY3JlYXRlIjo1NDAwMDAwMDAwMDAwLCJkZWxldGUiOjU0MDAwMDAwMDAwMDAsInJlYWQiOjMwMDAwMDAwMDAwMCwidXBkYXRlIjo1NDAwMDAwMDAwMDAwfX0="
        }
      ]
    },
    {
      "mode": "managed",
      "type": "azurerm_subnet",
      "name": "david-subnet",
      "provider": "provider[\"registry.terraform.io/hashicorp/azurerm\"]",
      "instances": [
        {
          "schema_version": 0,
          "attributes": {
            "address_prefixes": [
              "10.124.1.0/24"
            ],
            "delegation": [],
            "enforce_private_link_endpoint_network_policies": false,
            "enforce_private_link_service_network_policies": false,
            "id": "/subscriptions/4a7004f5-8ebf-454e-b7d7-1a7abf526985/resourceGroups/David-TerraformX/providers/Microsoft.Network/virtualNetworks/David-networkx/subnets/david-subnetx",
            "name": "david-subnetx",
            "resource_group_name": "David-TerraformX",
            "service_endpoint_policy_ids": [],
            "service_endpoints": [],
            "timeouts": null,
            "virtual_network_name": "David-networkx"
          },
          "sensitive_attributes": [],
          "private": "eyJlMmJmYjczMC1lY2FhLTExZTYtOGY4OC0zNDM2M2JjN2M0YzAiOnsiY3JlYXRlIjoxODAwMDAwMDAwMDAwLCJkZWxldGUiOjE4MDAwMDAwMDAwMDAsInJlYWQiOjMwMDAwMDAwMDAwMCwidXBkYXRlIjoxODAwMDAwMDAwMDAwfX0=",
          "dependencies": [
            "azurerm_resource_group.david-x",
            "azurerm_virtual_network.david-vn"
          ]
        }
      ]
    },
    {
      "mode": "managed",
      "type": "azurerm_subnet_network_security_group_association",
      "name": "david-ass",
      "provider": "provider[\"registry.terraform.io/hashicorp/azurerm\"]",
      "instances": [
        {
          "schema_version": 0,
          "attributes": {
            "id": "/subscriptions/4a7004f5-8ebf-454e-b7d7-1a7abf526985/resourceGroups/David-TerraformX/providers/Microsoft.Network/virtualNetworks/David-networkx/subnets/david-subnetx",
            "network_security_group_id": "/subscriptions/4a7004f5-8ebf-454e-b7d7-1a7abf526985/resourceGroups/David-TerraformX/providers/Microsoft.Network/networkSecurityGroups/David-Sgroupx",
            "subnet_id": "/subscriptions/4a7004f5-8ebf-454e-b7d7-1a7abf526985/resourceGroups/David-TerraformX/providers/Microsoft.Network/virtualNetworks/David-networkx/subnets/david-subnetx",
            "timeouts": null
          },
          "sensitive_attributes": [],
          "private": "eyJlMmJmYjczMC1lY2FhLTExZTYtOGY4OC0zNDM2M2JjN2M0YzAiOnsiY3JlYXRlIjoxODAwMDAwMDAwMDAwLCJkZWxldGUiOjE4MDAwMDAwMDAwMDAsInJlYWQiOjMwMDAwMDAwMDAwMCwidXBkYXRlIjoxODAwMDAwMDAwMDAwfX0=",
          "dependencies": [
            "azurerm_network_security_group.david-sgroup",
            "azurerm_resource_group.david-x",
            "azurerm_subnet.david-subnet",
            "azurerm_virtual_network.david-vn"
          ]
        }
      ]
    },
    {
      "mode": "managed",
      "type": "azurerm_virtual_network",
      "name": "david-vn",
      "provider": "provider[\"registry.terraform.io/hashicorp/azurerm\"]",
      "instances": [
        {
          "schema_version": 0,
          "attributes": {
            "address_space": [
              "10.124.0.0/16"
            ],
            "bgp_community": "",
            "ddos_protection_plan": [],
            "dns_servers": [],
            "edge_zone": "",
            "flow_timeout_in_minutes": 0,
            "guid": "2047821a-0bdf-40b1-94c7-fc775294aadb",
            "id": "/subscriptions/4a7004f5-8ebf-454e-b7d7-1a7abf526985/resourceGroups/David-TerraformX/providers/Microsoft.Network/virtualNetworks/David-networkx",
            "location": "westeurope",
            "name": "David-networkx",
            "resource_group_name": "David-TerraformX",
            "subnet": [
              {
                "address_prefix": "10.124.1.0/24",
                "id": "/subscriptions/4a7004f5-8ebf-454e-b7d7-1a7abf526985/resourceGroups/David-TerraformX/providers/Microsoft.Network/virtualNetworks/David-networkx/subnets/david-subnetx",
                "name": "david-subnetx",
                "security_group": "/subscriptions/4a7004f5-8ebf-454e-b7d7-1a7abf526985/resourceGroups/David-TerraformX/providers/Microsoft.Network/networkSecurityGroups/David-Sgroupx"
              }
            ],
            "tags": {
              "environment": "dev"
            },
            "timeouts": null
          },
          "sensitive_attributes": [],
          "private": "eyJlMmJmYjczMC1lY2FhLTExZTYtOGY4OC0zNDM2M2JjN2M0YzAiOnsiY3JlYXRlIjoxODAwMDAwMDAwMDAwLCJkZWxldGUiOjE4MDAwMDAwMDAwMDAsInJlYWQiOjMwMDAwMDAwMDAwMCwidXBkYXRlIjoxODAwMDAwMDAwMDAwfX0=",
          "dependencies": [
            "azurerm_resource_group.david-x"
          ]
        }
      ]
    }
  ],
  "check_results": null
}
