{
  "version": 4,
  "terraform_version": "1.10.5",
  "serial": 28,
  "lineage": "1b992b72-ca54-3107-93a6-ce73eef911cc",
  "outputs": {
    "public_ip": {
      "value": "137.117.254.63",
      "type": "string"
    }
  },
  "resources": [
    {
      "mode": "managed",
      "type": "azurerm_linux_virtual_machine",
      "name": "david-vm",
      "provider": "provider[\"registry.terraform.io/hashicorp/azurerm\"]",
      "instances": [
        {
          "schema_version": 0,
          "attributes": {
            "additional_capabilities": [],
            "admin_password": null,
            "admin_ssh_key": [
              {
                "public_key": "ssh-rsa AAAAB3NzaC1yc2EAAAADAQABAAACAQC09N+DYl3ibN+xm//zO08V0GElvXGN7gnvtKkA7ujauBSV1HkqiyI1m6SRg696tm8RsZDG1++62e7/jkJHqRUbaoQiiXVOs4Of4r1ZPRbz/BRCv5Rw9wVATeaMVNC8jGdDhbkQI+74dORkiuQgGZ3jiwAL8BaboUXSherPHsu14n+9uFBYnfVGnng1EZNKK+NpppGAH1a3DnfE6UQgw+fc6W95GyykK+BJAuzU2nrxpmC9vEIjuhYvMvYiKhageHzvITISoLSs+wyKUVLJcEchwMIhNIHQclMjb/+tyfmdblcmAS6Dy5T9qC4Tbd+YqlJhkZMWA1iqUx2Ry/ZYWdoKdZJrims2NyxvzjmE9UYvCTIggfqR3PYye+LvxGfWoByOiRhP0VS3V0UNrVPZ8rpq4lxLJAKEAdzjOFxnj66hU7ZGGo9poSVNFpz9RC+84JjqWGRgciJBzKdbJO15pZEs7HfcUDhOiecYhjmawHZPBf9XTvjAbSPw16GtCqR4fMf8+ofjJAjsVUBmgqA/xqWSr8yPMIk5D1iOdQb0ZcT9zmxgsHKI7rUDLMHmrFl4ryt8oSd3VhwcMCdqUDos6zS+FQJtsHAYJ0ynP1sf383dqojrYL2Yonk84KGDIYgwVpwoCWMKojzaLf7YeK1jYO2DcAhgSwb1osg7UA8niuNWRw== 20052165@mydbs.ie\r\n",
                "username": "adminuser"
              }
            ],
            "admin_username": "adminuser",
            "allow_extension_operations": true,
            "availability_set_id": "",
            "boot_diagnostics": [],
            "computer_name": "david-vmx",
            "custom_data": null,
            "dedicated_host_group_id": "",
            "dedicated_host_id": "",
            "disable_password_authentication": true,
            "edge_zone": "",
            "encryption_at_host_enabled": false,
            "eviction_policy": "",
            "extensions_time_budget": "PT1H30M",
            "id": "/subscriptions/4a7004f5-8ebf-454e-b7d7-1a7abf526985/resourceGroups/David-TerraformX/providers/Microsoft.Compute/virtualMachines/david-vmx",
            "identity": [],
            "license_type": "",
            "location": "westeurope",
            "max_bid_price": -1,
            "name": "david-vmx",
            "network_interface_ids": [
              "/subscriptions/4a7004f5-8ebf-454e-b7d7-1a7abf526985/resourceGroups/David-TerraformX/providers/Microsoft.Network/networkInterfaces/david-nicx"
            ],
            "os_disk": [
              {
                "caching": "ReadWrite",
                "diff_disk_settings": [],
                "disk_encryption_set_id": "",
                "disk_size_gb": 30,
                "name": "david-vmx_OsDisk_1_bdf351a7910244ca929301c60751452e",
                "storage_account_type": "Standard_LRS",
                "write_accelerator_enabled": false
              }
            ],
            "patch_mode": "ImageDefault",
            "plan": [],
            "platform_fault_domain": -1,
            "priority": "Regular",
            "private_ip_address": "10.124.1.4",
            "private_ip_addresses": [
              "10.124.1.4"
            ],
            "provision_vm_agent": true,
            "proximity_placement_group_id": "",
            "public_ip_address": "137.117.254.63",
            "public_ip_addresses": [
              "137.117.254.63"
            ],
            "resource_group_name": "David-TerraformX",
            "secret": [],
            "secure_boot_enabled": false,
            "size": "Standard_B1s",
            "source_image_id": "",
            "source_image_reference": [
              {
                "offer": "UbuntuServer",
                "publisher": "Canonical",
                "sku": "16.04-LTS",
                "version": "16.04.202009080"
              }
            ],
            "tags": null,
            "termination_notification": null,
            "timeouts": null,
            "user_data": "",
            "virtual_machine_id": "fb41c04f-f702-4ba0-8c90-05a3efa872d5",
            "virtual_machine_scale_set_id": "",
            "vtpm_enabled": false,
            "zone": ""
          },
          "sensitive_attributes": [
            [
              {
                "type": "get_attr",
                "value": "admin_password"
              }
            ],
            [
              {
                "type": "get_attr",
                "value": "custom_data"
              }
            ]
          ],
          "private": "eyJlMmJmYjczMC1lY2FhLTExZTYtOGY4OC0zNDM2M2JjN2M0YzAiOnsiY3JlYXRlIjoyNzAwMDAwMDAwMDAwLCJkZWxldGUiOjI3MDAwMDAwMDAwMDAsInJlYWQiOjMwMDAwMDAwMDAwMCwidXBkYXRlIjoyNzAwMDAwMDAwMDAwfX0=",
          "dependencies": [
            "azurerm_network_interface.david-nic",
            "azurerm_public_ip.david-ip",
            "azurerm_resource_group.david-x",
            "azurerm_subnet.david-subnet",
            "azurerm_virtual_network.david-vn"
          ]
        }
      ]
    },
    {
      "mode": "managed",
      "type": "azurerm_network_interface",
      "name": "david-nic",
      "provider": "provider[\"registry.terraform.io/hashicorp/azurerm\"]",
      "instances": [
        {
          "schema_version": 0,
          "attributes": {
            "applied_dns_servers": [],
            "dns_servers": [],
            "edge_zone": "",
            "enable_accelerated_networking": false,
            "enable_ip_forwarding": false,
            "id": "/subscriptions/4a7004f5-8ebf-454e-b7d7-1a7abf526985/resourceGroups/David-TerraformX/providers/Microsoft.Network/networkInterfaces/david-nicx",
            "internal_dns_name_label": "",
            "internal_domain_name_suffix": "",
            "ip_configuration": [
              {
                "gateway_load_balancer_frontend_ip_configuration_id": "",
                "name": "internal",
                "primary": true,
                "private_ip_address": "10.124.1.4",
                "private_ip_address_allocation": "Dynamic",
                "private_ip_address_version": "IPv4",
                "public_ip_address_id": "/subscriptions/4a7004f5-8ebf-454e-b7d7-1a7abf526985/resourceGroups/David-TerraformX/providers/Microsoft.Network/publicIPAddresses/david-ipx",
                "subnet_id": "/subscriptions/4a7004f5-8ebf-454e-b7d7-1a7abf526985/resourceGroups/David-TerraformX/providers/Microsoft.Network/virtualNetworks/David-networkx/subnets/david-subnetx"
              }
            ],
            "location": "westeurope",
            "mac_address": "60-45-BD-9A-D8-6F",
            "name": "david-nicx",
            "private_ip_address": "10.124.1.4",
            "private_ip_addresses": [
              "10.124.1.4"
            ],
            "resource_group_name": "David-TerraformX",
            "tags": {
              "environment": "dev"
            },
            "timeouts": null,
            "virtual_machine_id": ""
          },
          "sensitive_attributes": [],
          "private": "eyJlMmJmYjczMC1lY2FhLTExZTYtOGY4OC0zNDM2M2JjN2M0YzAiOnsiY3JlYXRlIjoxODAwMDAwMDAwMDAwLCJkZWxldGUiOjE4MDAwMDAwMDAwMDAsInJlYWQiOjMwMDAwMDAwMDAwMCwidXBkYXRlIjoxODAwMDAwMDAwMDAwfX0=",
          "dependencies": [
            "azurerm_public_ip.david-ip",
            "azurerm_resource_group.david-x",
            "azurerm_subnet.david-subnet",
            "azurerm_virtual_network.david-vn"
          ]
        }
      ]
    },
    {
      "mode": "managed",
      "type": "azurerm_network_security_group",
      "name": "david-sgroup",
      "provider": "provider[\"registry.terraform.io/hashicorp/azurerm\"]",
      "instances": [
        {
          "schema_version": 0,
          "attributes": {
            "id": "/subscriptions/4a7004f5-8ebf-454e-b7d7-1a7abf526985/resourceGroups/David-TerraformX/providers/Microsoft.Network/networkSecurityGroups/David-Sgroupx",
            "location": "westeurope",
            "name": "David-Sgroupx",
            "resource_group_name": "David-TerraformX",
            "security_rule": [
              {
                "access": "Allow",
                "description": "",
                "destination_address_prefix": "*",
                "destination_address_prefixes": [],
                "destination_application_security_group_ids": [],
                "destination_port_range": "22",
                "destination_port_ranges": [],
                "direction": "Inbound",
                "name": "allow_ssh",
                "priority": 1001,
                "protocol": "Tcp",
                "source_address_prefix": "*",
                "source_address_prefixes": [],
                "source_application_security_group_ids": [],
                "source_port_range": "*",
                "source_port_ranges": []
              }
            ],
            "tags": {
              "environment": "dev"
            },
            "timeouts": null
          },
          "sensitive_attributes": [],
          "private": "eyJlMmJmYjczMC1lY2FhLTExZTYtOGY4OC0zNDM2M2JjN2M0YzAiOnsiY3JlYXRlIjoxODAwMDAwMDAwMDAwLCJkZWxldGUiOjE4MDAwMDAwMDAwMDAsInJlYWQiOjMwMDAwMDAwMDAwMCwidXBkYXRlIjoxODAwMDAwMDAwMDAwfX0=",
          "dependencies": [
            "azurerm_resource_group.david-x"
          ]
        }
      ]
    },
    {
      "mode": "managed",
      "type": "azurerm_network_security_rule",
      "name": "allow_ssh",
      "provider": "provider[\"registry.terraform.io/hashicorp/azurerm\"]",
      "instances": [
        {
          "schema_version": 0,
          "attributes": {
            "access": "Allow",
            "description": "",
            "destination_address_prefix": "*",
            "destination_address_prefixes": [],
            "destination_application_security_group_ids": [],
            "destination_port_range": "22",
            "destination_port_ranges": [],
            "direction": "Inbound",
            "id": "/subscriptions/4a7004f5-8ebf-454e-b7d7-1a7abf526985/resourceGroups/David-TerraformX/providers/Microsoft.Network/networkSecurityGroups/David-Sgroupx/securityRules/allow_ssh",
            "name": "allow_ssh",
            "network_security_group_name": "David-Sgroupx",
            "priority": 1001,
            "protocol": "Tcp",
            "resource_group_name": "David-TerraformX",
            "source_address_prefix": "*",
            "source_address_prefixes": [],
            "source_application_security_group_ids": [],
            "source_port_range": "*",
            "source_port_ranges": [],
            "timeouts": null
          },
          "sensitive_attributes": [],
          "private": "eyJlMmJmYjczMC1lY2FhLTExZTYtOGY4OC0zNDM2M2JjN2M0YzAiOnsiY3JlYXRlIjoxODAwMDAwMDAwMDAwLCJkZWxldGUiOjE4MDAwMDAwMDAwMDAsInJlYWQiOjMwMDAwMDAwMDAwMCwidXBkYXRlIjoxODAwMDAwMDAwMDAwfX0=",
          "dependencies": [
            "azurerm_network_security_group.david-sgroup",
            "azurerm_resource_group.david-x"
          ]
        }
      ]
    },
    {
      "mode": "managed",
      "type": "azurerm_public_ip",
      "name": "david-ip",
      "provider": "provider[\"registry.terraform.io/hashicorp/azurerm\"]",
      "instances": [
        {
          "schema_version": 0,
          "attributes": {
            "allocation_method": "Static",
            "domain_name_label": null,
            "edge_zone": "",
            "fqdn": null,
            "id": "/subscriptions/4a7004f5-8ebf-454e-b7d7-1a7abf526985/resourceGroups/David-TerraformX/providers/Microsoft.Network/publicIPAddresses/david-ipx",
            "idle_timeout_in_minutes": 4,
            "ip_address": "137.117.254.63",
            "ip_tags": {},
            "ip_version": "IPv4",
            "location": "westeurope",
            "name": "david-ipx",
            "public_ip_prefix_id": null,
            "resource_group_name": "David-TerraformX",
            "reverse_fqdn": null,
            "sku": "Basic",
            "sku_tier": "Regional",
            "tags": {
              "environment": "dev"
            },
            "timeouts": null,
            "zones": []
          },
          "sensitive_attributes": [],
          "private": "eyJlMmJmYjczMC1lY2FhLTExZTYtOGY4OC0zNDM2M2JjN2M0YzAiOnsiY3JlYXRlIjoxODAwMDAwMDAwMDAwLCJkZWxldGUiOjE4MDAwMDAwMDAwMDAsInJlYWQiOjMwMDAwMDAwMDAwMCwidXBkYXRlIjoxODAwMDAwMDAwMDAwfX0=",
          "dependencies": [
            "azurerm_resource_group.david-x"
          ]
        }
      ]
    },
    {
      "mode": "managed",
      "type": "azurerm_resource_group",
      "name": "david-x",
      "provider": "provider[\"registry.terraform.io/hashicorp/azurerm\"]",
      "instances": [
        {
          "schema_version": 0,
          "attributes": {
            "id": "/subscriptions/4a7004f5-8ebf-454e-b7d7-1a7abf526985/resourceGroups/David-TerraformX",
            "location": "westeurope",
            "name": "David-TerraformX",
            "tags": {
              "environment": "dev"
            },
            "timeouts": null
          },
          "sensitive_attributes": [],
          "private": "eyJlMmJmYjczMC1lY2FhLTExZTYtOGY4OC0zNDM2M2JjN2M0YzAiOnsiY3JlYXRlIjo1NDAwMDAwMDAwMDAwLCJkZWxldGUiOjU0MDAwMDAwMDAwMDAsInJlYWQiOjMwMDAwMDAwMDAwMCwidXBkYXRlIjo1NDAwMDAwMDAwMDAwfX0="
        }
      ]
    },
    {
      "mode": "managed",
      "type": "azurerm_subnet",
      "name": "david-subnet",
      "provider": "provider[\"registry.terraform.io/hashicorp/azurerm\"]",
      "instances": [
        {
          "schema_version": 0,
          "attributes": {
            "address_prefixes": [
              "10.124.1.0/24"
            ],
            "delegation": [],
            "enforce_private_link_endpoint_network_policies": false,
            "enforce_private_link_service_network_policies": false,
            "id": "/subscriptions/4a7004f5-8ebf-454e-b7d7-1a7abf526985/resourceGroups/David-TerraformX/providers/Microsoft.Network/virtualNetworks/David-networkx/subnets/david-subnetx",
            "name": "david-subnetx",
            "resource_group_name": "David-TerraformX",
            "service_endpoint_policy_ids": [],
            "service_endpoints": [],
            "timeouts": null,
            "virtual_network_name": "David-networkx"
          },
          "sensitive_attributes": [],
          "private": "eyJlMmJmYjczMC1lY2FhLTExZTYtOGY4OC0zNDM2M2JjN2M0YzAiOnsiY3JlYXRlIjoxODAwMDAwMDAwMDAwLCJkZWxldGUiOjE4MDAwMDAwMDAwMDAsInJlYWQiOjMwMDAwMDAwMDAwMCwidXBkYXRlIjoxODAwMDAwMDAwMDAwfX0=",
          "dependencies": [
            "azurerm_resource_group.david-x",
            "azurerm_virtual_network.david-vn"
          ]
        }
      ]
    },
    {
      "mode": "managed",
      "type": "azurerm_subnet_network_security_group_association",
      "name": "david-ass",
      "provider": "provider[\"registry.terraform.io/hashicorp/azurerm\"]",
      "instances": [
        {
          "schema_version": 0,
          "attributes": {
            "id": "/subscriptions/4a7004f5-8ebf-454e-b7d7-1a7abf526985/resourceGroups/David-TerraformX/providers/Microsoft.Network/virtualNetworks/David-networkx/subnets/david-subnetx",
            "network_security_group_id": "/subscriptions/4a7004f5-8ebf-454e-b7d7-1a7abf526985/resourceGroups/David-TerraformX/providers/Microsoft.Network/networkSecurityGroups/David-Sgroupx",
            "subnet_id": "/subscriptions/4a7004f5-8ebf-454e-b7d7-1a7abf526985/resourceGroups/David-TerraformX/providers/Microsoft.Network/virtualNetworks/David-networkx/subnets/david-subnetx",
            "timeouts": null
          },
          "sensitive_attributes": [],
          "private": "eyJlMmJmYjczMC1lY2FhLTExZTYtOGY4OC0zNDM2M2JjN2M0YzAiOnsiY3JlYXRlIjoxODAwMDAwMDAwMDAwLCJkZWxldGUiOjE4MDAwMDAwMDAwMDAsInJlYWQiOjMwMDAwMDAwMDAwMCwidXBkYXRlIjoxODAwMDAwMDAwMDAwfX0=",
          "dependencies": [
            "azurerm_network_security_group.david-sgroup",
            "azurerm_resource_group.david-x",
            "azurerm_subnet.david-subnet",
            "azurerm_virtual_network.david-vn"
          ]
        }
      ]
    },
    {
      "mode": "managed",
      "type": "azurerm_virtual_network",
      "name": "david-vn",
      "provider": "provider[\"registry.terraform.io/hashicorp/azurerm\"]",
      "instances": [
        {
          "schema_version": 0,
          "attributes": {
            "address_space": [
              "10.124.0.0/16"
            ],
            "bgp_community": "",
            "ddos_protection_plan": [],
            "dns_servers": [],
            "edge_zone": "",
            "flow_timeout_in_minutes": 0,
            "guid": "2047821a-0bdf-40b1-94c7-fc775294aadb",
            "id": "/subscriptions/4a7004f5-8ebf-454e-b7d7-1a7abf526985/resourceGroups/David-TerraformX/providers/Microsoft.Network/virtualNetworks/David-networkx",
            "location": "westeurope",
            "name": "David-networkx",
            "resource_group_name": "David-TerraformX",
            "subnet": [
              {
                "address_prefix": "10.124.1.0/24",
                "id": "/subscriptions/4a7004f5-8ebf-454e-b7d7-1a7abf526985/resourceGroups/David-TerraformX/providers/Microsoft.Network/virtualNetworks/David-networkx/subnets/david-subnetx",
                "name": "david-subnetx",
                "security_group": "/subscriptions/4a7004f5-8ebf-454e-b7d7-1a7abf526985/resourceGroups/David-TerraformX/providers/Microsoft.Network/networkSecurityGroups/David-Sgroupx"
              }
            ],
            "tags": {
              "environment": "dev"
            },
            "timeouts": null
          },
          "sensitive_attributes": [],
          "private": "eyJlMmJmYjczMC1lY2FhLTExZTYtOGY4OC0zNDM2M2JjN2M0YzAiOnsiY3JlYXRlIjoxODAwMDAwMDAwMDAwLCJkZWxldGUiOjE4MDAwMDAwMDAwMDAsInJlYWQiOjMwMDAwMDAwMDAwMCwidXBkYXRlIjoxODAwMDAwMDAwMDAwfX0=",
          "dependencies": [
            "azurerm_resource_group.david-x"
          ]
        }
      ]
    }
  ],
  "check_results": null
}
